
Microsoft Visual Studio Solution File, Format Version 12.00
# Visual Studio Version 16
VisualStudioVersion = 16.0.31019.35
MinimumVisualStudioVersion = 10.0.40219.1
Project("{FAE04EC0-301F-11D3-BF4B-00C04F79EFBC}") = "StudenCabinet", "StudenCabinet\StudenCabinet.csproj", "{80800A5C-0B06-43F5-95D7-B08C4F079C5A}"
EndProject
Global
	GlobalSection(SolutionConfigurationPlatforms) = preSolution
		Debug|Any CPU = Debug|Any CPU
		Release|Any CPU = Release|Any CPU
	EndGlobalSection
	GlobalSection(ProjectConfigurationPlatforms) = postSolution
		{80800A5C-0B06-43F5-95D7-B08C4F079C5A}.Debug|Any CPU.ActiveCfg = Debug|Any CPU
		{80800A5C-0B06-43F5-95D7-B08C4F079C5A}.Debug|Any CPU.Build.0 = Debug|Any CPU
		{80800A5C-0B06-43F5-95D7-B08C4F079C5A}.Release|Any CPU.ActiveCfg = Release|Any CPU
		{80800A5C-0B06-43F5-95D7-B08C4F079C5A}.Release|Any CPU.Build.0 = Release|Any CPU
	EndGlobalSection
	GlobalSection(SolutionProperties) = preSolution
		HideSolutionNode = FALSE
	EndGlobalSection
	GlobalSection(ExtensibilityGlobals) = postSolution
		SolutionGuid = {ED6D38E4-34C9-418C-9C71-401C82651110}
	EndGlobalSection
EndGlobal
